
Microsoft Visual Studio Solution File, Format Version 12.00
# Visual Studio Version 16
VisualStudioVersion = 16.0.30114.105
MinimumVisualStudioVersion = 10.0.40219.1
Project("{FAE04EC0-301F-11D3-BF4B-00C04F79EFBC}") = "eShopSolution.WebApp", "eShopSolution.WebApp\eShopSolution.WebApp.csproj", "{7F22D9F1-06F7-4113-AFCF-4FFD0ED2357E}"
EndProject
Global
	GlobalSection(SolutionConfigurationPlatforms) = preSolution
		Debug|Any CPU = Debug|Any CPU
		Release|Any CPU = Release|Any CPU
	EndGlobalSection
	GlobalSection(ProjectConfigurationPlatforms) = postSolution
		{7F22D9F1-06F7-4113-AFCF-4FFD0ED2357E}.Debug|Any CPU.ActiveCfg = Debug|Any CPU
		{7F22D9F1-06F7-4113-AFCF-4FFD0ED2357E}.Debug|Any CPU.Build.0 = Debug|Any CPU
		{7F22D9F1-06F7-4113-AFCF-4FFD0ED2357E}.Release|Any CPU.ActiveCfg = Release|Any CPU
		{7F22D9F1-06F7-4113-AFCF-4FFD0ED2357E}.Release|Any CPU.Build.0 = Release|Any CPU
	EndGlobalSection
	GlobalSection(SolutionProperties) = preSolution
		HideSolutionNode = FALSE
	EndGlobalSection
	GlobalSection(ExtensibilityGlobals) = postSolution
		SolutionGuid = {CE532699-ED32-4D51-B82E-6D3C63C1A4D2}
	EndGlobalSection
EndGlobal
