
Microsoft Visual Studio Solution File, Format Version 12.00
# Visual Studio Version 16
VisualStudioVersion = 16.0.30114.105
MinimumVisualStudioVersion = 10.0.40219.1
Project("{9A19103F-16F7-4668-BE54-9A1E7A4F7556}") = "eShopSolution.WebApp", "eShopSolution.WebApp\eShopSolution.WebApp.csproj", "{7F22D9F1-06F7-4113-AFCF-4FFD0ED2357E}"
EndProject
Project("{2150E333-8FDC-42A3-9474-1A3956D46DE8}") = "Solution Items", "Solution Items", "{32A6B991-78BE-4B9A-8856-3B4AED8624C8}"
	ProjectSection(SolutionItems) = preProject
		README.md = README.md
	EndProjectSection
EndProject
Project("{FAE04EC0-301F-11D3-BF4B-00C04F79EFBC}") = "eShopSolution.Data", "eShopSolution.Data\eShopSolution.Data.csproj", "{F7468796-4262-4016-BF8D-9AC949C8705D}"
EndProject
Project("{FAE04EC0-301F-11D3-BF4B-00C04F79EFBC}") = "eShopSolution.Application", "eShopSolution.Application\eShopSolution.Application.csproj", "{78CB7729-A5C3-496F-909D-FE083464354F}"
EndProject
Global
	GlobalSection(SolutionConfigurationPlatforms) = preSolution
		Debug|Any CPU = Debug|Any CPU
		Release|Any CPU = Release|Any CPU
	EndGlobalSection
	GlobalSection(ProjectConfigurationPlatforms) = postSolution
		{7F22D9F1-06F7-4113-AFCF-4FFD0ED2357E}.Debug|Any CPU.ActiveCfg = Debug|Any CPU
		{7F22D9F1-06F7-4113-AFCF-4FFD0ED2357E}.Debug|Any CPU.Build.0 = Debug|Any CPU
		{7F22D9F1-06F7-4113-AFCF-4FFD0ED2357E}.Release|Any CPU.ActiveCfg = Release|Any CPU
		{7F22D9F1-06F7-4113-AFCF-4FFD0ED2357E}.Release|Any CPU.Build.0 = Release|Any CPU
		{F7468796-4262-4016-BF8D-9AC949C8705D}.Debug|Any CPU.ActiveCfg = Debug|Any CPU
		{F7468796-4262-4016-BF8D-9AC949C8705D}.Debug|Any CPU.Build.0 = Debug|Any CPU
		{F7468796-4262-4016-BF8D-9AC949C8705D}.Release|Any CPU.ActiveCfg = Release|Any CPU
		{F7468796-4262-4016-BF8D-9AC949C8705D}.Release|Any CPU.Build.0 = Release|Any CPU
		{78CB7729-A5C3-496F-909D-FE083464354F}.Debug|Any CPU.ActiveCfg = Debug|Any CPU
		{78CB7729-A5C3-496F-909D-FE083464354F}.Debug|Any CPU.Build.0 = Debug|Any CPU
		{78CB7729-A5C3-496F-909D-FE083464354F}.Release|Any CPU.ActiveCfg = Release|Any CPU
		{78CB7729-A5C3-496F-909D-FE083464354F}.Release|Any CPU.Build.0 = Release|Any CPU
	EndGlobalSection
	GlobalSection(SolutionProperties) = preSolution
		HideSolutionNode = FALSE
	EndGlobalSection
	GlobalSection(ExtensibilityGlobals) = postSolution
		SolutionGuid = {CE532699-ED32-4D51-B82E-6D3C63C1A4D2}
	EndGlobalSection
EndGlobal
